// !$*UTF8*$!
{
	archiveVersion = 1;
	classes = {
	};
	objectVersion = 50;
	objects = {

/* Begin PBXBuildFile section */
		B231CC8F251E678800EA4DBD /* AppDelegate.swift in Sources */ = {isa = PBXBuildFile; fileRef = B231CC8E251E678800EA4DBD /* AppDelegate.swift */; };
		B231CC91251E678800EA4DBD /* SceneDelegate.swift in Sources */ = {isa = PBXBuildFile; fileRef = B231CC90251E678800EA4DBD /* SceneDelegate.swift */; };
		B231CC9A251E678A00EA4DBD /* Assets.xcassets in Resources */ = {isa = PBXBuildFile; fileRef = B231CC99251E678A00EA4DBD /* Assets.xcassets */; };
		B231CC9D251E678A00EA4DBD /* LaunchScreen.storyboard in Resources */ = {isa = PBXBuildFile; fileRef = B231CC9B251E678A00EA4DBD /* LaunchScreen.storyboard */; };
		B231CCA8251E678B00EA4DBD /* skylineTests.swift in Sources */ = {isa = PBXBuildFile; fileRef = B231CCA7251E678B00EA4DBD /* skylineTests.swift */; };
		B231CCB3251E678B00EA4DBD /* skylineUITests.swift in Sources */ = {isa = PBXBuildFile; fileRef = B231CCB2251E678B00EA4DBD /* skylineUITests.swift */; };
		B231CCC5251EA53900EA4DBD /* UnsplashModels.swift in Sources */ = {isa = PBXBuildFile; fileRef = B231CCC4251EA53900EA4DBD /* UnsplashModels.swift */; };
		B231CCC9251FA7EB00EA4DBD /* UnsplashAPI.swift in Sources */ = {isa = PBXBuildFile; fileRef = B231CCC8251FA7EB00EA4DBD /* UnsplashAPI.swift */; };
		B231CCD72521D1E600EA4DBD /* Skyline.storyboard in Resources */ = {isa = PBXBuildFile; fileRef = B231CCD62521D1E600EA4DBD /* Skyline.storyboard */; };
		B231CCD92521D2CD00EA4DBD /* secrets.swift in Sources */ = {isa = PBXBuildFile; fileRef = B231CCD82521D2CD00EA4DBD /* secrets.swift */; };
		B231CCDB2521D37D00EA4DBD /* SkylineViewController.swift in Sources */ = {isa = PBXBuildFile; fileRef = B231CCDA2521D37D00EA4DBD /* SkylineViewController.swift */; };
		B231CCDD2521D4AF00EA4DBD /* SkylineTableViewCell.swift in Sources */ = {isa = PBXBuildFile; fileRef = B231CCDC2521D4AF00EA4DBD /* SkylineTableViewCell.swift */; };
/* End PBXBuildFile section */

/* Begin PBXContainerItemProxy section */
		B231CCA4251E678B00EA4DBD /* PBXContainerItemProxy */ = {
			isa = PBXContainerItemProxy;
			containerPortal = B231CC83251E678800EA4DBD /* Project object */;
			proxyType = 1;
			remoteGlobalIDString = B231CC8A251E678800EA4DBD;
			remoteInfo = skyline;
		};
		B231CCAF251E678B00EA4DBD /* PBXContainerItemProxy */ = {
			isa = PBXContainerItemProxy;
			containerPortal = B231CC83251E678800EA4DBD /* Project object */;
			proxyType = 1;
			remoteGlobalIDString = B231CC8A251E678800EA4DBD;
			remoteInfo = skyline;
		};
/* End PBXContainerItemProxy section */

/* Begin PBXFileReference section */
		B231CC8B251E678800EA4DBD /* skyline.app */ = {isa = PBXFileReference; explicitFileType = wrapper.application; includeInIndex = 0; path = skyline.app; sourceTree = BUILT_PRODUCTS_DIR; };
		B231CC8E251E678800EA4DBD /* AppDelegate.swift */ = {isa = PBXFileReference; lastKnownFileType = sourcecode.swift; path = AppDelegate.swift; sourceTree = "<group>"; };
		B231CC90251E678800EA4DBD /* SceneDelegate.swift */ = {isa = PBXFileReference; lastKnownFileType = sourcecode.swift; path = SceneDelegate.swift; sourceTree = "<group>"; };
		B231CC99251E678A00EA4DBD /* Assets.xcassets */ = {isa = PBXFileReference; lastKnownFileType = folder.assetcatalog; path = Assets.xcassets; sourceTree = "<group>"; };
		B231CC9C251E678A00EA4DBD /* Base */ = {isa = PBXFileReference; lastKnownFileType = file.storyboard; name = Base; path = Base.lproj/LaunchScreen.storyboard; sourceTree = "<group>"; };
		B231CC9E251E678A00EA4DBD /* Info.plist */ = {isa = PBXFileReference; lastKnownFileType = text.plist.xml; path = Info.plist; sourceTree = "<group>"; };
		B231CCA3251E678B00EA4DBD /* skylineTests.xctest */ = {isa = PBXFileReference; explicitFileType = wrapper.cfbundle; includeInIndex = 0; path = skylineTests.xctest; sourceTree = BUILT_PRODUCTS_DIR; };
		B231CCA7251E678B00EA4DBD /* skylineTests.swift */ = {isa = PBXFileReference; lastKnownFileType = sourcecode.swift; path = skylineTests.swift; sourceTree = "<group>"; };
		B231CCA9251E678B00EA4DBD /* Info.plist */ = {isa = PBXFileReference; lastKnownFileType = text.plist.xml; path = Info.plist; sourceTree = "<group>"; };
		B231CCAE251E678B00EA4DBD /* skylineUITests.xctest */ = {isa = PBXFileReference; explicitFileType = wrapper.cfbundle; includeInIndex = 0; path = skylineUITests.xctest; sourceTree = BUILT_PRODUCTS_DIR; };
		B231CCB2251E678B00EA4DBD /* skylineUITests.swift */ = {isa = PBXFileReference; lastKnownFileType = sourcecode.swift; path = skylineUITests.swift; sourceTree = "<group>"; };
		B231CCB4251E678B00EA4DBD /* Info.plist */ = {isa = PBXFileReference; lastKnownFileType = text.plist.xml; path = Info.plist; sourceTree = "<group>"; };
		B231CCC4251EA53900EA4DBD /* UnsplashModels.swift */ = {isa = PBXFileReference; lastKnownFileType = sourcecode.swift; path = UnsplashModels.swift; sourceTree = "<group>"; };
		B231CCC8251FA7EB00EA4DBD /* UnsplashAPI.swift */ = {isa = PBXFileReference; lastKnownFileType = sourcecode.swift; path = UnsplashAPI.swift; sourceTree = "<group>"; };
		B231CCD62521D1E600EA4DBD /* Skyline.storyboard */ = {isa = PBXFileReference; lastKnownFileType = file.storyboard; path = Skyline.storyboard; sourceTree = "<group>"; };
		B231CCD82521D2CD00EA4DBD /* secrets.swift */ = {isa = PBXFileReference; lastKnownFileType = sourcecode.swift; path = secrets.swift; sourceTree = "<group>"; };
		B231CCDA2521D37D00EA4DBD /* SkylineViewController.swift */ = {isa = PBXFileReference; lastKnownFileType = sourcecode.swift; path = SkylineViewController.swift; sourceTree = "<group>"; };
		B231CCDC2521D4AF00EA4DBD /* SkylineTableViewCell.swift */ = {isa = PBXFileReference; lastKnownFileType = sourcecode.swift; path = SkylineTableViewCell.swift; sourceTree = "<group>"; };
/* End PBXFileReference section */

/* Begin PBXFrameworksBuildPhase section */
		B231CC88251E678800EA4DBD /* Frameworks */ = {
			isa = PBXFrameworksBuildPhase;
			buildActionMask = 2147483647;
			files = (
			);
			runOnlyForDeploymentPostprocessing = 0;
		};
		B231CCA0251E678B00EA4DBD /* Frameworks */ = {
			isa = PBXFrameworksBuildPhase;
			buildActionMask = 2147483647;
			files = (
			);
			runOnlyForDeploymentPostprocessing = 0;
		};
		B231CCAB251E678B00EA4DBD /* Frameworks */ = {
			isa = PBXFrameworksBuildPhase;
			buildActionMask = 2147483647;
			files = (
			);
			runOnlyForDeploymentPostprocessing = 0;
		};
/* End PBXFrameworksBuildPhase section */

/* Begin PBXGroup section */
		B231CC82251E678800EA4DBD = {
			isa = PBXGroup;
			children = (
				B231CC8D251E678800EA4DBD /* skyline */,
				B231CCA6251E678B00EA4DBD /* skylineTests */,
				B231CCB1251E678B00EA4DBD /* skylineUITests */,
				B231CC8C251E678800EA4DBD /* Products */,
			);
			sourceTree = "<group>";
		};
		B231CC8C251E678800EA4DBD /* Products */ = {
			isa = PBXGroup;
			children = (
				B231CC8B251E678800EA4DBD /* skyline.app */,
				B231CCA3251E678B00EA4DBD /* skylineTests.xctest */,
				B231CCAE251E678B00EA4DBD /* skylineUITests.xctest */,
			);
			name = Products;
			sourceTree = "<group>";
		};
		B231CC8D251E678800EA4DBD /* skyline */ = {
			isa = PBXGroup;
			children = (
				B231CCD52521D1BD00EA4DBD /* UI */,
				B231CCD22521CF5B00EA4DBD /* Unsplash */,
				B231CC8E251E678800EA4DBD /* AppDelegate.swift */,
				B231CC90251E678800EA4DBD /* SceneDelegate.swift */,
				B231CC99251E678A00EA4DBD /* Assets.xcassets */,
				B231CC9B251E678A00EA4DBD /* LaunchScreen.storyboard */,
				B231CC9E251E678A00EA4DBD /* Info.plist */,
			);
			path = skyline;
			sourceTree = "<group>";
		};
		B231CCA6251E678B00EA4DBD /* skylineTests */ = {
			isa = PBXGroup;
			children = (
				B231CCA7251E678B00EA4DBD /* skylineTests.swift */,
				B231CCA9251E678B00EA4DBD /* Info.plist */,
			);
			path = skylineTests;
			sourceTree = "<group>";
		};
		B231CCB1251E678B00EA4DBD /* skylineUITests */ = {
			isa = PBXGroup;
			children = (
				B231CCB2251E678B00EA4DBD /* skylineUITests.swift */,
				B231CCB4251E678B00EA4DBD /* Info.plist */,
			);
			path = skylineUITests;
			sourceTree = "<group>";
		};
		B231CCD22521CF5B00EA4DBD /* Unsplash */ = {
			isa = PBXGroup;
			children = (
				B231CCC8251FA7EB00EA4DBD /* UnsplashAPI.swift */,
				B231CCC4251EA53900EA4DBD /* UnsplashModels.swift */,
				B231CCD82521D2CD00EA4DBD /* secrets.swift */,
			);
			path = Unsplash;
			sourceTree = "<group>";
		};
		B231CCD52521D1BD00EA4DBD /* UI */ = {
			isa = PBXGroup;
			children = (
				B231CCD62521D1E600EA4DBD /* Skyline.storyboard */,
				B231CCDA2521D37D00EA4DBD /* SkylineViewController.swift */,
				B231CCDC2521D4AF00EA4DBD /* SkylineTableViewCell.swift */,
			);
			path = UI;
			sourceTree = "<group>";
		};
/* End PBXGroup section */

/* Begin PBXNativeTarget section */
		B231CC8A251E678800EA4DBD /* skyline */ = {
			isa = PBXNativeTarget;
			buildConfigurationList = B231CCB7251E678B00EA4DBD /* Build configuration list for PBXNativeTarget "skyline" */;
			buildPhases = (
				B231CC87251E678800EA4DBD /* Sources */,
				B231CC88251E678800EA4DBD /* Frameworks */,
				B231CC89251E678800EA4DBD /* Resources */,
			);
			buildRules = (
			);
			dependencies = (
			);
			name = skyline;
			productName = skyline;
			productReference = B231CC8B251E678800EA4DBD /* skyline.app */;
			productType = "com.apple.product-type.application";
		};
		B231CCA2251E678B00EA4DBD /* skylineTests */ = {
			isa = PBXNativeTarget;
			buildConfigurationList = B231CCBA251E678B00EA4DBD /* Build configuration list for PBXNativeTarget "skylineTests" */;
			buildPhases = (
				B231CC9F251E678B00EA4DBD /* Sources */,
				B231CCA0251E678B00EA4DBD /* Frameworks */,
				B231CCA1251E678B00EA4DBD /* Resources */,
			);
			buildRules = (
			);
			dependencies = (
				B231CCA5251E678B00EA4DBD /* PBXTargetDependency */,
			);
			name = skylineTests;
			productName = skylineTests;
			productReference = B231CCA3251E678B00EA4DBD /* skylineTests.xctest */;
			productType = "com.apple.product-type.bundle.unit-test";
		};
		B231CCAD251E678B00EA4DBD /* skylineUITests */ = {
			isa = PBXNativeTarget;
			buildConfigurationList = B231CCBD251E678B00EA4DBD /* Build configuration list for PBXNativeTarget "skylineUITests" */;
			buildPhases = (
				B231CCAA251E678B00EA4DBD /* Sources */,
				B231CCAB251E678B00EA4DBD /* Frameworks */,
				B231CCAC251E678B00EA4DBD /* Resources */,
			);
			buildRules = (
			);
			dependencies = (
				B231CCB0251E678B00EA4DBD /* PBXTargetDependency */,
			);
			name = skylineUITests;
			productName = skylineUITests;
			productReference = B231CCAE251E678B00EA4DBD /* skylineUITests.xctest */;
			productType = "com.apple.product-type.bundle.ui-testing";
		};
/* End PBXNativeTarget section */

/* Begin PBXProject section */
		B231CC83251E678800EA4DBD /* Project object */ = {
			isa = PBXProject;
			attributes = {
				LastSwiftUpdateCheck = 1170;
				LastUpgradeCheck = 1170;
				ORGANIZATIONNAME = sf;
				TargetAttributes = {
					B231CC8A251E678800EA4DBD = {
						CreatedOnToolsVersion = 11.7;
					};
					B231CCA2251E678B00EA4DBD = {
						CreatedOnToolsVersion = 11.7;
						TestTargetID = B231CC8A251E678800EA4DBD;
					};
					B231CCAD251E678B00EA4DBD = {
						CreatedOnToolsVersion = 11.7;
						TestTargetID = B231CC8A251E678800EA4DBD;
					};
				};
			};
			buildConfigurationList = B231CC86251E678800EA4DBD /* Build configuration list for PBXProject "skyline" */;
			compatibilityVersion = "Xcode 9.3";
			developmentRegion = en;
			hasScannedForEncodings = 0;
			knownRegions = (
				en,
				Base,
			);
			mainGroup = B231CC82251E678800EA4DBD;
			productRefGroup = B231CC8C251E678800EA4DBD /* Products */;
			projectDirPath = "";
			projectRoot = "";
			targets = (
				B231CC8A251E678800EA4DBD /* skyline */,
				B231CCA2251E678B00EA4DBD /* skylineTests */,
				B231CCAD251E678B00EA4DBD /* skylineUITests */,
			);
		};
/* End PBXProject section */

/* Begin PBXResourcesBuildPhase section */
		B231CC89251E678800EA4DBD /* Resources */ = {
			isa = PBXResourcesBuildPhase;
			buildActionMask = 2147483647;
			files = (
				B231CCD72521D1E600EA4DBD /* Skyline.storyboard in Resources */,
				B231CC9D251E678A00EA4DBD /* LaunchScreen.storyboard in Resources */,
				B231CC9A251E678A00EA4DBD /* Assets.xcassets in Resources */,
			);
			runOnlyForDeploymentPostprocessing = 0;
		};
		B231CCA1251E678B00EA4DBD /* Resources */ = {
			isa = PBXResourcesBuildPhase;
			buildActionMask = 2147483647;
			files = (
			);
			runOnlyForDeploymentPostprocessing = 0;
		};
		B231CCAC251E678B00EA4DBD /* Resources */ = {
			isa = PBXResourcesBuildPhase;
			buildActionMask = 2147483647;
			files = (
			);
			runOnlyForDeploymentPostprocessing = 0;
		};
/* End PBXResourcesBuildPhase section */

/* Begin PBXSourcesBuildPhase section */
		B231CC87251E678800EA4DBD /* Sources */ = {
			isa = PBXSourcesBuildPhase;
			buildActionMask = 2147483647;
			files = (
				B231CCDB2521D37D00EA4DBD /* SkylineViewController.swift in Sources */,
				B231CCD92521D2CD00EA4DBD /* secrets.swift in Sources */,
				B231CC8F251E678800EA4DBD /* AppDelegate.swift in Sources */,
				B231CCDD2521D4AF00EA4DBD /* SkylineTableViewCell.swift in Sources */,
				B231CCC9251FA7EB00EA4DBD /* UnsplashAPI.swift in Sources */,
				B231CC91251E678800EA4DBD /* SceneDelegate.swift in Sources */,
				B231CCC5251EA53900EA4DBD /* UnsplashModels.swift in Sources */,
			);
			runOnlyForDeploymentPostprocessing = 0;
		};
		B231CC9F251E678B00EA4DBD /* Sources */ = {
			isa = PBXSourcesBuildPhase;
			buildActionMask = 2147483647;
			files = (
				B231CCA8251E678B00EA4DBD /* skylineTests.swift in Sources */,
			);
			runOnlyForDeploymentPostprocessing = 0;
		};
		B231CCAA251E678B00EA4DBD /* Sources */ = {
			isa = PBXSourcesBuildPhase;
			buildActionMask = 2147483647;
			files = (
				B231CCB3251E678B00EA4DBD /* skylineUITests.swift in Sources */,
			);
			runOnlyForDeploymentPostprocessing = 0;
		};
/* End PBXSourcesBuildPhase section */

/* Begin PBXTargetDependency section */
		B231CCA5251E678B00EA4DBD /* PBXTargetDependency */ = {
			isa = PBXTargetDependency;
			target = B231CC8A251E678800EA4DBD /* skyline */;
			targetProxy = B231CCA4251E678B00EA4DBD /* PBXContainerItemProxy */;
		};
		B231CCB0251E678B00EA4DBD /* PBXTargetDependency */ = {
			isa = PBXTargetDependency;
			target = B231CC8A251E678800EA4DBD /* skyline */;
			targetProxy = B231CCAF251E678B00EA4DBD /* PBXContainerItemProxy */;
		};
/* End PBXTargetDependency section */

/* Begin PBXVariantGroup section */
		B231CC9B251E678A00EA4DBD /* LaunchScreen.storyboard */ = {
			isa = PBXVariantGroup;
			children = (
				B231CC9C251E678A00EA4DBD /* Base */,
			);
			name = LaunchScreen.storyboard;
			sourceTree = "<group>";
		};
/* End PBXVariantGroup section */

/* Begin XCBuildConfiguration section */
		B231CCB5251E678B00EA4DBD /* Debug */ = {
			isa = XCBuildConfiguration;
			buildSettings = {
				ALWAYS_SEARCH_USER_PATHS = NO;
				CLANG_ANALYZER_NONNULL = YES;
				CLANG_ANALYZER_NUMBER_OBJECT_CONVERSION = YES_AGGRESSIVE;
				CLANG_CXX_LANGUAGE_STANDARD = "gnu++14";
				CLANG_CXX_LIBRARY = "libc++";
				CLANG_ENABLE_MODULES = YES;
				CLANG_ENABLE_OBJC_ARC = YES;
				CLANG_ENABLE_OBJC_WEAK = YES;
				CLANG_WARN_BLOCK_CAPTURE_AUTORELEASING = YES;
				CLANG_WARN_BOOL_CONVERSION = YES;
				CLANG_WARN_COMMA = YES;
				CLANG_WARN_CONSTANT_CONVERSION = YES;
				CLANG_WARN_DEPRECATED_OBJC_IMPLEMENTATIONS = YES;
				CLANG_WARN_DIRECT_OBJC_ISA_USAGE = YES_ERROR;
				CLANG_WARN_DOCUMENTATION_COMMENTS = YES;
				CLANG_WARN_EMPTY_BODY = YES;
				CLANG_WARN_ENUM_CONVERSION = YES;
				CLANG_WARN_INFINITE_RECURSION = YES;
				CLANG_WARN_INT_CONVERSION = YES;
				CLANG_WARN_NON_LITERAL_NULL_CONVERSION = YES;
				CLANG_WARN_OBJC_IMPLICIT_RETAIN_SELF = YES;
				CLANG_WARN_OBJC_LITERAL_CONVERSION = YES;
				CLANG_WARN_OBJC_ROOT_CLASS = YES_ERROR;
				CLANG_WARN_RANGE_LOOP_ANALYSIS = YES;
				CLANG_WARN_STRICT_PROTOTYPES = YES;
				CLANG_WARN_SUSPICIOUS_MOVE = YES;
				CLANG_WARN_UNGUARDED_AVAILABILITY = YES_AGGRESSIVE;
				CLANG_WARN_UNREACHABLE_CODE = YES;
				CLANG_WARN__DUPLICATE_METHOD_MATCH = YES;
				COPY_PHASE_STRIP = NO;
				DEBUG_INFORMATION_FORMAT = dwarf;
				ENABLE_STRICT_OBJC_MSGSEND = YES;
				ENABLE_TESTABILITY = YES;
				GCC_C_LANGUAGE_STANDARD = gnu11;
				GCC_DYNAMIC_NO_PIC = NO;
				GCC_NO_COMMON_BLOCKS = YES;
				GCC_OPTIMIZATION_LEVEL = 0;
				GCC_PREPROCESSOR_DEFINITIONS = (
					"DEBUG=1",
					"$(inherited)",
				);
				GCC_WARN_64_TO_32_BIT_CONVERSION = YES;
				GCC_WARN_ABOUT_RETURN_TYPE = YES_ERROR;
				GCC_WARN_UNDECLARED_SELECTOR = YES;
				GCC_WARN_UNINITIALIZED_AUTOS = YES_AGGRESSIVE;
				GCC_WARN_UNUSED_FUNCTION = YES;
				GCC_WARN_UNUSED_VARIABLE = YES;
				IPHONEOS_DEPLOYMENT_TARGET = 13.7;
				MTL_ENABLE_DEBUG_INFO = INCLUDE_SOURCE;
				MTL_FAST_MATH = YES;
				ONLY_ACTIVE_ARCH = YES;
				SDKROOT = iphoneos;
				SWIFT_ACTIVE_COMPILATION_CONDITIONS = DEBUG;
				SWIFT_OPTIMIZATION_LEVEL = "-Onone";
			};
			name = Debug;
		};
		B231CCB6251E678B00EA4DBD /* Release */ = {
			isa = XCBuildConfiguration;
			buildSettings = {
				ALWAYS_SEARCH_USER_PATHS = NO;
				CLANG_ANALYZER_NONNULL = YES;
				CLANG_ANALYZER_NUMBER_OBJECT_CONVERSION = YES_AGGRESSIVE;
				CLANG_CXX_LANGUAGE_STANDARD = "gnu++14";
				CLANG_CXX_LIBRARY = "libc++";
				CLANG_ENABLE_MODULES = YES;
				CLANG_ENABLE_OBJC_ARC = YES;
				CLANG_ENABLE_OBJC_WEAK = YES;
				CLANG_WARN_BLOCK_CAPTURE_AUTORELEASING = YES;
				CLANG_WARN_BOOL_CONVERSION = YES;
				CLANG_WARN_COMMA = YES;
				CLANG_WARN_CONSTANT_CONVERSION = YES;
				CLANG_WARN_DEPRECATED_OBJC_IMPLEMENTATIONS = YES;
				CLANG_WARN_DIRECT_OBJC_ISA_USAGE = YES_ERROR;
				CLANG_WARN_DOCUMENTATION_COMMENTS = YES;
				CLANG_WARN_EMPTY_BODY = YES;
				CLANG_WARN_ENUM_CONVERSION = YES;
				CLANG_WARN_INFINITE_RECURSION = YES;
				CLANG_WARN_INT_CONVERSION = YES;
				CLANG_WARN_NON_LITERAL_NULL_CONVERSION = YES;
				CLANG_WARN_OBJC_IMPLICIT_RETAIN_SELF = YES;
				CLANG_WARN_OBJC_LITERAL_CONVERSION = YES;
				CLANG_WARN_OBJC_ROOT_CLASS = YES_ERROR;
				CLANG_WARN_RANGE_LOOP_ANALYSIS = YES;
				CLANG_WARN_STRICT_PROTOTYPES = YES;
				CLANG_WARN_SUSPICIOUS_MOVE = YES;
				CLANG_WARN_UNGUARDED_AVAILABILITY = YES_AGGRESSIVE;
				CLANG_WARN_UNREACHABLE_CODE = YES;
				CLANG_WARN__DUPLICATE_METHOD_MATCH = YES;
				COPY_PHASE_STRIP = NO;
				DEBUG_INFORMATION_FORMAT = "dwarf-with-dsym";
				ENABLE_NS_ASSERTIONS = NO;
				ENABLE_STRICT_OBJC_MSGSEND = YES;
				GCC_C_LANGUAGE_STANDARD = gnu11;
				GCC_NO_COMMON_BLOCKS = YES;
				GCC_WARN_64_TO_32_BIT_CONVERSION = YES;
				GCC_WARN_ABOUT_RETURN_TYPE = YES_ERROR;
				GCC_WARN_UNDECLARED_SELECTOR = YES;
				GCC_WARN_UNINITIALIZED_AUTOS = YES_AGGRESSIVE;
				GCC_WARN_UNUSED_FUNCTION = YES;
				GCC_WARN_UNUSED_VARIABLE = YES;
				IPHONEOS_DEPLOYMENT_TARGET = 13.7;
				MTL_ENABLE_DEBUG_INFO = NO;
				MTL_FAST_MATH = YES;
				SDKROOT = iphoneos;
				SWIFT_COMPILATION_MODE = wholemodule;
				SWIFT_OPTIMIZATION_LEVEL = "-O";
				VALIDATE_PRODUCT = YES;
			};
			name = Release;
		};
		B231CCB8251E678B00EA4DBD /* Debug */ = {
			isa = XCBuildConfiguration;
			buildSettings = {
				ASSETCATALOG_COMPILER_APPICON_NAME = AppIcon;
				CODE_SIGN_STYLE = Automatic;
				DEVELOPMENT_TEAM = 6FDH9RHXZJ;
				INFOPLIST_FILE = skyline/Info.plist;
				LD_RUNPATH_SEARCH_PATHS = (
					"$(inherited)",
					"@executable_path/Frameworks",
				);
				PRODUCT_BUNDLE_IDENTIFIER = com.sf.skyline;
				PRODUCT_NAME = "$(TARGET_NAME)";
				SWIFT_VERSION = 5.0;
				TARGETED_DEVICE_FAMILY = "1,2";
			};
			name = Debug;
		};
		B231CCB9251E678B00EA4DBD /* Release */ = {
			isa = XCBuildConfiguration;
			buildSettings = {
				ASSETCATALOG_COMPILER_APPICON_NAME = AppIcon;
				CODE_SIGN_STYLE = Automatic;
				DEVELOPMENT_TEAM = 6FDH9RHXZJ;
				INFOPLIST_FILE = skyline/Info.plist;
				LD_RUNPATH_SEARCH_PATHS = (
					"$(inherited)",
					"@executable_path/Frameworks",
				);
				PRODUCT_BUNDLE_IDENTIFIER = com.sf.skyline;
				PRODUCT_NAME = "$(TARGET_NAME)";
				SWIFT_VERSION = 5.0;
				TARGETED_DEVICE_FAMILY = "1,2";
			};
			name = Release;
		};
		B231CCBB251E678B00EA4DBD /* Debug */ = {
			isa = XCBuildConfiguration;
			buildSettings = {
				ALWAYS_EMBED_SWIFT_STANDARD_LIBRARIES = YES;
				BUNDLE_LOADER = "$(TEST_HOST)";
				CODE_SIGN_STYLE = Automatic;
				DEVELOPMENT_TEAM = 6FDH9RHXZJ;
				INFOPLIST_FILE = skylineTests/Info.plist;
				IPHONEOS_DEPLOYMENT_TARGET = 13.7;
				LD_RUNPATH_SEARCH_PATHS = (
					"$(inherited)",
					"@executable_path/Frameworks",
					"@loader_path/Frameworks",
				);
				PRODUCT_BUNDLE_IDENTIFIER = com.sf.skylineTests;
				PRODUCT_NAME = "$(TARGET_NAME)";
				SWIFT_VERSION = 5.0;
				TARGETED_DEVICE_FAMILY = "1,2";
				TEST_HOST = "$(BUILT_PRODUCTS_DIR)/skyline.app/skyline";
			};
			name = Debug;
		};
		B231CCBC251E678B00EA4DBD /* Release */ = {
			isa = XCBuildConfiguration;
			buildSettings = {
				ALWAYS_EMBED_SWIFT_STANDARD_LIBRARIES = YES;
				BUNDLE_LOADER = "$(TEST_HOST)";
				CODE_SIGN_STYLE = Automatic;
				DEVELOPMENT_TEAM = 6FDH9RHXZJ;
				INFOPLIST_FILE = skylineTests/Info.plist;
				IPHONEOS_DEPLOYMENT_TARGET = 13.7;
				LD_RUNPATH_SEARCH_PATHS = (
					"$(inherited)",
					"@executable_path/Frameworks",
					"@loader_path/Frameworks",
				);
				PRODUCT_BUNDLE_IDENTIFIER = com.sf.skylineTests;
				PRODUCT_NAME = "$(TARGET_NAME)";
				SWIFT_VERSION = 5.0;
				TARGETED_DEVICE_FAMILY = "1,2";
				TEST_HOST = "$(BUILT_PRODUCTS_DIR)/skyline.app/skyline";
			};
			name = Release;
		};
		B231CCBE251E678B00EA4DBD /* Debug */ = {
			isa = XCBuildConfiguration;
			buildSettings = {
				ALWAYS_EMBED_SWIFT_STANDARD_LIBRARIES = YES;
				CODE_SIGN_STYLE = Automatic;
				DEVELOPMENT_TEAM = 6FDH9RHXZJ;
				INFOPLIST_FILE = skylineUITests/Info.plist;
				LD_RUNPATH_SEARCH_PATHS = (
					"$(inherited)",
					"@executable_path/Frameworks",
					"@loader_path/Frameworks",
				);
				PRODUCT_BUNDLE_IDENTIFIER = com.sf.skylineUITests;
				PRODUCT_NAME = "$(TARGET_NAME)";
				SWIFT_VERSION = 5.0;
				TARGETED_DEVICE_FAMILY = "1,2";
				TEST_TARGET_NAME = skyline;
			};
			name = Debug;
		};
		B231CCBF251E678B00EA4DBD /* Release */ = {
			isa = XCBuildConfiguration;
			buildSettings = {
				ALWAYS_EMBED_SWIFT_STANDARD_LIBRARIES = YES;
				CODE_SIGN_STYLE = Automatic;
				DEVELOPMENT_TEAM = 6FDH9RHXZJ;
				INFOPLIST_FILE = skylineUITests/Info.plist;
				LD_RUNPATH_SEARCH_PATHS = (
					"$(inherited)",
					"@executable_path/Frameworks",
					"@loader_path/Frameworks",
				);
				PRODUCT_BUNDLE_IDENTIFIER = com.sf.skylineUITests;
				PRODUCT_NAME = "$(TARGET_NAME)";
				SWIFT_VERSION = 5.0;
				TARGETED_DEVICE_FAMILY = "1,2";
				TEST_TARGET_NAME = skyline;
			};
			name = Release;
		};
/* End XCBuildConfiguration section */

/* Begin XCConfigurationList section */
		B231CC86251E678800EA4DBD /* Build configuration list for PBXProject "skyline" */ = {
			isa = XCConfigurationList;
			buildConfigurations = (
				B231CCB5251E678B00EA4DBD /* Debug */,
				B231CCB6251E678B00EA4DBD /* Release */,
			);
			defaultConfigurationIsVisible = 0;
			defaultConfigurationName = Release;
		};
		B231CCB7251E678B00EA4DBD /* Build configuration list for PBXNativeTarget "skyline" */ = {
			isa = XCConfigurationList;
			buildConfigurations = (
				B231CCB8251E678B00EA4DBD /* Debug */,
				B231CCB9251E678B00EA4DBD /* Release */,
			);
			defaultConfigurationIsVisible = 0;
			defaultConfigurationName = Release;
		};
		B231CCBA251E678B00EA4DBD /* Build configuration list for PBXNativeTarget "skylineTests" */ = {
			isa = XCConfigurationList;
			buildConfigurations = (
				B231CCBB251E678B00EA4DBD /* Debug */,
				B231CCBC251E678B00EA4DBD /* Release */,
			);
			defaultConfigurationIsVisible = 0;
			defaultConfigurationName = Release;
		};
		B231CCBD251E678B00EA4DBD /* Build configuration list for PBXNativeTarget "skylineUITests" */ = {
			isa = XCConfigurationList;
			buildConfigurations = (
				B231CCBE251E678B00EA4DBD /* Debug */,
				B231CCBF251E678B00EA4DBD /* Release */,
			);
			defaultConfigurationIsVisible = 0;
			defaultConfigurationName = Release;
		};
/* End XCConfigurationList section */
	};
	rootObject = B231CC83251E678800EA4DBD /* Project object */;
}
